{
  "nodes": {
    "nixpkgs": {
      "locked": {
        "lastModified": 1733940404,
        "narHash": "sha256-Pj39hSoUA86ZePPF/UXiYHHM7hMIkios8TYG29kQT4g=",
        "owner": "nixos",
        "repo": "nixpkgs",
        "rev": "5d67ea6b4b63378b9c13be21e2ec9d1afc921713",
        "type": "github"
      },
      "original": {
        "owner": "nixos",
        "ref": "nixos-unstable",
        "repo": "nixpkgs",
        "type": "github"
      }
    },
    "root": {
      "inputs": {
        "nixpkgs": "nixpkgs",
        "uboot-src": "uboot-src"
      }
    },
    "uboot-src": {
      "flake": false,
      "locked": {
        "lastModified": 1734018625,
        "narHash": "sha256-bWXHXC66U7ntXs+w9EjUErVma3b5RLYqnjR9E9JIkQE=",
        "owner": "u-boot",
        "repo": "u-boot",
        "rev": "88bd5701efdc48048e030d91c2633048f0f753a0",
        "type": "github"
      },
      "original": {
        "owner": "u-boot",
        "repo": "u-boot",
        "type": "github"
      }
    }
  },
  "root": "root",
  "version": 7
}
