{
  "nodes": {
    "nixos-hardware": {
      "locked": {
        "lastModified": 1711274671,
        "narHash": "sha256-19KQXya5VERUXOdeEJJN+zOqtvuE6MV3qTk9Gr4J9Uo=",
        "owner": "NixOS",
        "repo": "nixos-hardware",
        "rev": "7559df1e4af972d5f1de87975b5ef6a8d7559db2",
        "type": "github"
      },
      "original": {
        "owner": "NixOS",
        "repo": "nixos-hardware",
        "type": "github"
      }
    },
    "nixpkgs": {
      "locked": {
        "lastModified": 1711163522,
        "narHash": "sha256-YN/Ciidm+A0fmJPWlHBGvVkcarYWSC+s3NTPk/P+q3c=",
        "owner": "nixos",
        "repo": "nixpkgs",
        "rev": "44d0940ea560dee511026a53f0e2e2cde489b4d4",
        "type": "github"
      },
      "original": {
        "owner": "nixos",
        "ref": "nixos-unstable",
        "repo": "nixpkgs",
        "type": "github"
      }
    },
    "root": {
      "inputs": {
        "nixos-hardware": "nixos-hardware",
        "nixpkgs": "nixpkgs",
        "uboot-src": "uboot-src"
      }
    },
    "uboot-src": {
      "flake": false,
      "locked": {
        "lastModified": 1711372569,
        "narHash": "sha256-eD1e8KKqq62L46ySyIFhSOwwgSXQH6/cucS73bmUOMo=",
        "owner": "ldicarlo",
        "repo": "u-boot-m1s",
        "rev": "e025d59fe77cbaacf4f2ba62f98e058f76d2e067",
        "type": "github"
      },
      "original": {
        "owner": "ldicarlo",
        "ref": "uboot-m1s",
        "repo": "u-boot-m1s",
        "type": "github"
      }
    }
  },
  "root": "root",
  "version": 7
}
