{
  "nodes": {
    "nixpkgs": {
      "locked": {
        "lastModified": 1734119587,
        "narHash": "sha256-AKU6qqskl0yf2+JdRdD0cfxX4b9x3KKV5RqA6wijmPM=",
        "owner": "nixos",
        "repo": "nixpkgs",
        "rev": "3566ab7246670a43abd2ffa913cc62dad9cdf7d5",
        "type": "github"
      },
      "original": {
        "owner": "nixos",
        "ref": "nixos-unstable",
        "repo": "nixpkgs",
        "type": "github"
      }
    },
    "root": {
      "inputs": {
        "nixpkgs": "nixpkgs",
        "uboot-src": "uboot-src"
      }
    },
    "uboot-src": {
      "flake": false,
      "locked": {
        "lastModified": 1732226113,
        "narHash": "sha256-GKJbwFdKYw2bJtY3kiIXJ0j6PFtxWhyytxJ0vurx6ZE=",
        "owner": "Kwiboo",
        "repo": "u-boot-rockchip",
        "rev": "2c25ffce35e406f21e4250e89249830c0e7bca9d",
        "type": "github"
      },
      "original": {
        "owner": "Kwiboo",
        "ref": "rk3xxx-2025.01",
        "repo": "u-boot-rockchip",
        "type": "github"
      }
    }
  },
  "root": "root",
  "version": 7
}
